
Microsoft Visual Studio Solution File, Format Version 12.00
# Visual Studio 15
VisualStudioVersion = 15.0.28010.2041
MinimumVisualStudioVersion = 10.0.40219.1
Project("{FAE04EC0-301F-11D3-BF4B-00C04F79EFBC}") = "dsProj1", "dsProj1\dsProj1.csproj", "{93AA8270-CCDA-4192-8CEE-82FEB801F257}"
EndProject
Global
	GlobalSection(SolutionConfigurationPlatforms) = preSolution
		Debug|Any CPU = Debug|Any CPU
		Release|Any CPU = Release|Any CPU
	EndGlobalSection
	GlobalSection(ProjectConfigurationPlatforms) = postSolution
		{93AA8270-CCDA-4192-8CEE-82FEB801F257}.Debug|Any CPU.ActiveCfg = Debug|Any CPU
		{93AA8270-CCDA-4192-8CEE-82FEB801F257}.Debug|Any CPU.Build.0 = Debug|Any CPU
		{93AA8270-CCDA-4192-8CEE-82FEB801F257}.Release|Any CPU.ActiveCfg = Release|Any CPU
		{93AA8270-CCDA-4192-8CEE-82FEB801F257}.Release|Any CPU.Build.0 = Release|Any CPU
	EndGlobalSection
	GlobalSection(SolutionProperties) = preSolution
		HideSolutionNode = FALSE
	EndGlobalSection
	GlobalSection(ExtensibilityGlobals) = postSolution
		SolutionGuid = {0206B7CB-DAD2-4186-8347-B33976944A7C}
	EndGlobalSection
EndGlobal
